
Microsoft Visual Studio Solution File, Format Version 12.00
# Visual Studio Version 16
VisualStudioVersion = 16.0.29806.167
MinimumVisualStudioVersion = 10.0.40219.1
Project("{8BC9CEB8-8B4A-11D0-8D11-00A0C91BC942}") = "Deodorant Evaporator", "C++\7\Deodorant Evaporator\Deodorant Evaporator.vcxproj", "{73A591F2-A651-4A81-A306-73104427EB58}"
EndProject
Project("{8BC9CEB8-8B4A-11D0-8D11-00A0C91BC942}") = "ShortestWord", "C++\7\ShortestWord\7. ShortestWord.vcxproj", "{D863B006-3CD9-47FD-9B39-15769D521115}"
EndProject
Project("{2150E333-8FDC-42A3-9474-1A3956D46DE8}") = "C++", "C++", "{F933CFCE-8910-4ED7-B053-63A6E9B3860D}"
EndProject
Project("{2150E333-8FDC-42A3-9474-1A3956D46DE8}") = "7", "7", "{251CC88C-E92D-4D1C-BE05-80A0DC6D4952}"
EndProject
Project("{8BC9CEB8-8B4A-11D0-8D11-00A0C91BC942}") = "Number of People in the Bus", "C++\7\Number of People in the Bus\Number of People in the Bus.vcxproj", "{D2EEE5C4-0DEE-437D-8BD0-933765F3BD31}"
EndProject
Project("{8BC9CEB8-8B4A-11D0-8D11-00A0C91BC942}") = "Testing 1-2-3", "C++\7\Testing 1-2-3\Testing 1-2-3.vcxproj", "{910784C8-13D4-4A73-991B-1DBF3A939623}"
EndProject
Global
	GlobalSection(SolutionConfigurationPlatforms) = preSolution
		Debug|x64 = Debug|x64
		Debug|x86 = Debug|x86
		Release|x64 = Release|x64
		Release|x86 = Release|x86
	EndGlobalSection
	GlobalSection(ProjectConfigurationPlatforms) = postSolution
		{73A591F2-A651-4A81-A306-73104427EB58}.Debug|x64.ActiveCfg = Debug|x64
		{73A591F2-A651-4A81-A306-73104427EB58}.Debug|x64.Build.0 = Debug|x64
		{73A591F2-A651-4A81-A306-73104427EB58}.Debug|x86.ActiveCfg = Debug|Win32
		{73A591F2-A651-4A81-A306-73104427EB58}.Debug|x86.Build.0 = Debug|Win32
		{73A591F2-A651-4A81-A306-73104427EB58}.Release|x64.ActiveCfg = Release|x64
		{73A591F2-A651-4A81-A306-73104427EB58}.Release|x64.Build.0 = Release|x64
		{73A591F2-A651-4A81-A306-73104427EB58}.Release|x86.ActiveCfg = Release|Win32
		{73A591F2-A651-4A81-A306-73104427EB58}.Release|x86.Build.0 = Release|Win32
		{D863B006-3CD9-47FD-9B39-15769D521115}.Debug|x64.ActiveCfg = Debug|x64
		{D863B006-3CD9-47FD-9B39-15769D521115}.Debug|x64.Build.0 = Debug|x64
		{D863B006-3CD9-47FD-9B39-15769D521115}.Debug|x86.ActiveCfg = Debug|Win32
		{D863B006-3CD9-47FD-9B39-15769D521115}.Debug|x86.Build.0 = Debug|Win32
		{D863B006-3CD9-47FD-9B39-15769D521115}.Release|x64.ActiveCfg = Release|x64
		{D863B006-3CD9-47FD-9B39-15769D521115}.Release|x64.Build.0 = Release|x64
		{D863B006-3CD9-47FD-9B39-15769D521115}.Release|x86.ActiveCfg = Release|Win32
		{D863B006-3CD9-47FD-9B39-15769D521115}.Release|x86.Build.0 = Release|Win32
		{D2EEE5C4-0DEE-437D-8BD0-933765F3BD31}.Debug|x64.ActiveCfg = Debug|x64
		{D2EEE5C4-0DEE-437D-8BD0-933765F3BD31}.Debug|x64.Build.0 = Debug|x64
		{D2EEE5C4-0DEE-437D-8BD0-933765F3BD31}.Debug|x86.ActiveCfg = Debug|Win32
		{D2EEE5C4-0DEE-437D-8BD0-933765F3BD31}.Debug|x86.Build.0 = Debug|Win32
		{D2EEE5C4-0DEE-437D-8BD0-933765F3BD31}.Release|x64.ActiveCfg = Release|x64
		{D2EEE5C4-0DEE-437D-8BD0-933765F3BD31}.Release|x64.Build.0 = Release|x64
		{D2EEE5C4-0DEE-437D-8BD0-933765F3BD31}.Release|x86.ActiveCfg = Release|Win32
		{D2EEE5C4-0DEE-437D-8BD0-933765F3BD31}.Release|x86.Build.0 = Release|Win32
		{910784C8-13D4-4A73-991B-1DBF3A939623}.Debug|x64.ActiveCfg = Debug|x64
		{910784C8-13D4-4A73-991B-1DBF3A939623}.Debug|x64.Build.0 = Debug|x64
		{910784C8-13D4-4A73-991B-1DBF3A939623}.Debug|x86.ActiveCfg = Debug|Win32
		{910784C8-13D4-4A73-991B-1DBF3A939623}.Debug|x86.Build.0 = Debug|Win32
		{910784C8-13D4-4A73-991B-1DBF3A939623}.Release|x64.ActiveCfg = Release|x64
		{910784C8-13D4-4A73-991B-1DBF3A939623}.Release|x64.Build.0 = Release|x64
		{910784C8-13D4-4A73-991B-1DBF3A939623}.Release|x86.ActiveCfg = Release|Win32
		{910784C8-13D4-4A73-991B-1DBF3A939623}.Release|x86.Build.0 = Release|Win32
	EndGlobalSection
	GlobalSection(SolutionProperties) = preSolution
		HideSolutionNode = FALSE
	EndGlobalSection
	GlobalSection(NestedProjects) = preSolution
		{73A591F2-A651-4A81-A306-73104427EB58} = {251CC88C-E92D-4D1C-BE05-80A0DC6D4952}
		{D863B006-3CD9-47FD-9B39-15769D521115} = {251CC88C-E92D-4D1C-BE05-80A0DC6D4952}
		{251CC88C-E92D-4D1C-BE05-80A0DC6D4952} = {F933CFCE-8910-4ED7-B053-63A6E9B3860D}
		{D2EEE5C4-0DEE-437D-8BD0-933765F3BD31} = {251CC88C-E92D-4D1C-BE05-80A0DC6D4952}
		{910784C8-13D4-4A73-991B-1DBF3A939623} = {251CC88C-E92D-4D1C-BE05-80A0DC6D4952}
	EndGlobalSection
	GlobalSection(ExtensibilityGlobals) = postSolution
		SolutionGuid = {B0538DDD-50D4-4C0F-8174-97D20BF13D95}
	EndGlobalSection
EndGlobal
