
Microsoft Visual Studio Solution File, Format Version 12.00
# Visual Studio Version 16
VisualStudioVersion = 16.0.29806.167
MinimumVisualStudioVersion = 10.0.40219.1
Project("{2150E333-8FDC-42A3-9474-1A3956D46DE8}") = "C++", "C++", "{F933CFCE-8910-4ED7-B053-63A6E9B3860D}"
EndProject
Project("{2150E333-8FDC-42A3-9474-1A3956D46DE8}") = "7", "7", "{251CC88C-E92D-4D1C-BE05-80A0DC6D4952}"
EndProject
Project("{2150E333-8FDC-42A3-9474-1A3956D46DE8}") = "6", "6", "{7C57749E-3417-438C-B392-B91F73C2C891}"
EndProject
Project("{2150E333-8FDC-42A3-9474-1A3956D46DE8}") = "5", "5", "{F2479BCF-60A0-4874-8D67-64512CEA4460}"
EndProject
Project("{8BC9CEB8-8B4A-11D0-8D11-00A0C91BC942}") = "Josephus Survivor", "Josephus Survivor\Josephus Survivor.vcxproj", "{19141243-9077-4938-914D-E5A7F01A54CC}"
EndProject
Project("{2150E333-8FDC-42A3-9474-1A3956D46DE8}") = "4", "4", "{6953D20B-ECC9-4D71-92BB-E02E39427868}"
EndProject
Project("{8BC9CEB8-8B4A-11D0-8D11-00A0C91BC942}") = "Permutations", "C++\4\Permutations\Permutations.vcxproj", "{50537809-3AD7-4725-9ABD-3C6FDE8D4C4E}"
EndProject
Project("{8BC9CEB8-8B4A-11D0-8D11-00A0C91BC942}") = "UnitTests", "C++\UnitTests\UnitTests.vcxproj", "{FD974E5B-25A9-47DE-98CB-3AD5F1B9C36A}"
EndProject
Global
	GlobalSection(SolutionConfigurationPlatforms) = preSolution
		Debug|x64 = Debug|x64
		Debug|x86 = Debug|x86
		Release|x64 = Release|x64
		Release|x86 = Release|x86
	EndGlobalSection
	GlobalSection(ProjectConfigurationPlatforms) = postSolution
		{19141243-9077-4938-914D-E5A7F01A54CC}.Debug|x64.ActiveCfg = Debug|x64
		{19141243-9077-4938-914D-E5A7F01A54CC}.Debug|x64.Build.0 = Debug|x64
		{19141243-9077-4938-914D-E5A7F01A54CC}.Debug|x86.ActiveCfg = Debug|Win32
		{19141243-9077-4938-914D-E5A7F01A54CC}.Debug|x86.Build.0 = Debug|Win32
		{19141243-9077-4938-914D-E5A7F01A54CC}.Release|x64.ActiveCfg = Release|x64
		{19141243-9077-4938-914D-E5A7F01A54CC}.Release|x64.Build.0 = Release|x64
		{19141243-9077-4938-914D-E5A7F01A54CC}.Release|x86.ActiveCfg = Release|Win32
		{19141243-9077-4938-914D-E5A7F01A54CC}.Release|x86.Build.0 = Release|Win32
		{50537809-3AD7-4725-9ABD-3C6FDE8D4C4E}.Debug|x64.ActiveCfg = Debug|x64
		{50537809-3AD7-4725-9ABD-3C6FDE8D4C4E}.Debug|x64.Build.0 = Debug|x64
		{50537809-3AD7-4725-9ABD-3C6FDE8D4C4E}.Debug|x86.ActiveCfg = Debug|Win32
		{50537809-3AD7-4725-9ABD-3C6FDE8D4C4E}.Debug|x86.Build.0 = Debug|Win32
		{50537809-3AD7-4725-9ABD-3C6FDE8D4C4E}.Release|x64.ActiveCfg = Release|x64
		{50537809-3AD7-4725-9ABD-3C6FDE8D4C4E}.Release|x64.Build.0 = Release|x64
		{50537809-3AD7-4725-9ABD-3C6FDE8D4C4E}.Release|x86.ActiveCfg = Release|Win32
		{50537809-3AD7-4725-9ABD-3C6FDE8D4C4E}.Release|x86.Build.0 = Release|Win32
		{FD974E5B-25A9-47DE-98CB-3AD5F1B9C36A}.Debug|x64.ActiveCfg = Debug|x64
		{FD974E5B-25A9-47DE-98CB-3AD5F1B9C36A}.Debug|x64.Build.0 = Debug|x64
		{FD974E5B-25A9-47DE-98CB-3AD5F1B9C36A}.Debug|x86.ActiveCfg = Debug|Win32
		{FD974E5B-25A9-47DE-98CB-3AD5F1B9C36A}.Debug|x86.Build.0 = Debug|Win32
		{FD974E5B-25A9-47DE-98CB-3AD5F1B9C36A}.Release|x64.ActiveCfg = Release|x64
		{FD974E5B-25A9-47DE-98CB-3AD5F1B9C36A}.Release|x64.Build.0 = Release|x64
		{FD974E5B-25A9-47DE-98CB-3AD5F1B9C36A}.Release|x86.ActiveCfg = Release|Win32
		{FD974E5B-25A9-47DE-98CB-3AD5F1B9C36A}.Release|x86.Build.0 = Release|Win32
	EndGlobalSection
	GlobalSection(SolutionProperties) = preSolution
		HideSolutionNode = FALSE
	EndGlobalSection
	GlobalSection(NestedProjects) = preSolution
		{251CC88C-E92D-4D1C-BE05-80A0DC6D4952} = {F933CFCE-8910-4ED7-B053-63A6E9B3860D}
		{7C57749E-3417-438C-B392-B91F73C2C891} = {F933CFCE-8910-4ED7-B053-63A6E9B3860D}
		{F2479BCF-60A0-4874-8D67-64512CEA4460} = {F933CFCE-8910-4ED7-B053-63A6E9B3860D}
		{19141243-9077-4938-914D-E5A7F01A54CC} = {F2479BCF-60A0-4874-8D67-64512CEA4460}
		{6953D20B-ECC9-4D71-92BB-E02E39427868} = {F933CFCE-8910-4ED7-B053-63A6E9B3860D}
		{50537809-3AD7-4725-9ABD-3C6FDE8D4C4E} = {6953D20B-ECC9-4D71-92BB-E02E39427868}
		{FD974E5B-25A9-47DE-98CB-3AD5F1B9C36A} = {F933CFCE-8910-4ED7-B053-63A6E9B3860D}
	EndGlobalSection
	GlobalSection(ExtensibilityGlobals) = postSolution
		SolutionGuid = {B0538DDD-50D4-4C0F-8174-97D20BF13D95}
	EndGlobalSection
EndGlobal
